// !$*UTF8*$!
{
	archiveVersion = 1;
	classes = {
	};
	objectVersion = 55;
	objects = {

/* Begin PBXBuildFile section */
		795F95F02934E15A0014AA29 /* AppDelegate.swift in Sources */ = {isa = PBXBuildFile; fileRef = 795F95EF2934E15A0014AA29 /* AppDelegate.swift */; };
		795F95F22934E15A0014AA29 /* SceneDelegate.swift in Sources */ = {isa = PBXBuildFile; fileRef = 795F95F12934E15A0014AA29 /* SceneDelegate.swift */; };
		795F95F72934E15A0014AA29 /* Main.storyboard in Resources */ = {isa = PBXBuildFile; fileRef = 795F95F52934E15A0014AA29 /* Main.storyboard */; };
		795F95F92934E15B0014AA29 /* Assets.xcassets in Resources */ = {isa = PBXBuildFile; fileRef = 795F95F82934E15B0014AA29 /* Assets.xcassets */; };
		795F95FC2934E15B0014AA29 /* LaunchScreen.storyboard in Resources */ = {isa = PBXBuildFile; fileRef = 795F95FA2934E15B0014AA29 /* LaunchScreen.storyboard */; };
		795F96072934E15B0014AA29 /* AccountBalanceUISheetsTests.swift in Sources */ = {isa = PBXBuildFile; fileRef = 795F96062934E15B0014AA29 /* AccountBalanceUISheetsTests.swift */; };
		795F96112934E15B0014AA29 /* AccountBalanceUISheetsUITests.swift in Sources */ = {isa = PBXBuildFile; fileRef = 795F96102934E15B0014AA29 /* AccountBalanceUISheetsUITests.swift */; };
		795F96132934E15B0014AA29 /* AccountBalanceUISheetsUITestsLaunchTests.swift in Sources */ = {isa = PBXBuildFile; fileRef = 795F96122934E15B0014AA29 /* AccountBalanceUISheetsUITestsLaunchTests.swift */; };
		795F96212934E3E00014AA29 /* AppManager.swift in Sources */ = {isa = PBXBuildFile; fileRef = 795F96202934E3E00014AA29 /* AppManager.swift */; };
		795F96232934E4010014AA29 /* AppCoordinator.swift in Sources */ = {isa = PBXBuildFile; fileRef = 795F96222934E4010014AA29 /* AppCoordinator.swift */; };
		795F96272934E4450014AA29 /* AccountHomeTableViewController.swift in Sources */ = {isa = PBXBuildFile; fileRef = 795F96252934E4450014AA29 /* AccountHomeTableViewController.swift */; };
		795F9631293509EB0014AA29 /* QuickTransferViewController.swift in Sources */ = {isa = PBXBuildFile; fileRef = 795F962F293509EB0014AA29 /* QuickTransferViewController.swift */; };
		795F9632293509EB0014AA29 /* QuickTransferViewController.xib in Resources */ = {isa = PBXBuildFile; fileRef = 795F9630293509EB0014AA29 /* QuickTransferViewController.xib */; };
		795F9635293531900014AA29 /* AccountCardView.swift in Sources */ = {isa = PBXBuildFile; fileRef = 795F9634293531900014AA29 /* AccountCardView.swift */; };
		795F963829353E8F0014AA29 /* MakePaymentService.swift in Sources */ = {isa = PBXBuildFile; fileRef = 795F963729353E8F0014AA29 /* MakePaymentService.swift */; };
		795F963B29354BDE0014AA29 /* AccountRepository.swift in Sources */ = {isa = PBXBuildFile; fileRef = 795F963A29354BDE0014AA29 /* AccountRepository.swift */; };
/* End PBXBuildFile section */

/* Begin PBXContainerItemProxy section */
		795F96032934E15B0014AA29 /* PBXContainerItemProxy */ = {
			isa = PBXContainerItemProxy;
			containerPortal = 795F95E42934E15A0014AA29 /* Project object */;
			proxyType = 1;
			remoteGlobalIDString = 795F95EB2934E15A0014AA29;
			remoteInfo = AccountBalanceUISheets;
		};
		795F960D2934E15B0014AA29 /* PBXContainerItemProxy */ = {
			isa = PBXContainerItemProxy;
			containerPortal = 795F95E42934E15A0014AA29 /* Project object */;
			proxyType = 1;
			remoteGlobalIDString = 795F95EB2934E15A0014AA29;
			remoteInfo = AccountBalanceUISheets;
		};
/* End PBXContainerItemProxy section */

/* Begin PBXFileReference section */
		795F95EC2934E15A0014AA29 /* AccountBalanceUISheets.app */ = {isa = PBXFileReference; explicitFileType = wrapper.application; includeInIndex = 0; path = AccountBalanceUISheets.app; sourceTree = BUILT_PRODUCTS_DIR; };
		795F95EF2934E15A0014AA29 /* AppDelegate.swift */ = {isa = PBXFileReference; lastKnownFileType = sourcecode.swift; path = AppDelegate.swift; sourceTree = "<group>"; };
		795F95F12934E15A0014AA29 /* SceneDelegate.swift */ = {isa = PBXFileReference; lastKnownFileType = sourcecode.swift; path = SceneDelegate.swift; sourceTree = "<group>"; };
		795F95F62934E15A0014AA29 /* Base */ = {isa = PBXFileReference; lastKnownFileType = file.storyboard; name = Base; path = Base.lproj/Main.storyboard; sourceTree = "<group>"; };
		795F95F82934E15B0014AA29 /* Assets.xcassets */ = {isa = PBXFileReference; lastKnownFileType = folder.assetcatalog; path = Assets.xcassets; sourceTree = "<group>"; };
		795F95FB2934E15B0014AA29 /* Base */ = {isa = PBXFileReference; lastKnownFileType = file.storyboard; name = Base; path = Base.lproj/LaunchScreen.storyboard; sourceTree = "<group>"; };
		795F95FD2934E15B0014AA29 /* Info.plist */ = {isa = PBXFileReference; lastKnownFileType = text.plist.xml; path = Info.plist; sourceTree = "<group>"; };
		795F96022934E15B0014AA29 /* AccountBalanceUISheetsTests.xctest */ = {isa = PBXFileReference; explicitFileType = wrapper.cfbundle; includeInIndex = 0; path = AccountBalanceUISheetsTests.xctest; sourceTree = BUILT_PRODUCTS_DIR; };
		795F96062934E15B0014AA29 /* AccountBalanceUISheetsTests.swift */ = {isa = PBXFileReference; lastKnownFileType = sourcecode.swift; path = AccountBalanceUISheetsTests.swift; sourceTree = "<group>"; };
		795F960C2934E15B0014AA29 /* AccountBalanceUISheetsUITests.xctest */ = {isa = PBXFileReference; explicitFileType = wrapper.cfbundle; includeInIndex = 0; path = AccountBalanceUISheetsUITests.xctest; sourceTree = BUILT_PRODUCTS_DIR; };
		795F96102934E15B0014AA29 /* AccountBalanceUISheetsUITests.swift */ = {isa = PBXFileReference; lastKnownFileType = sourcecode.swift; path = AccountBalanceUISheetsUITests.swift; sourceTree = "<group>"; };
		795F96122934E15B0014AA29 /* AccountBalanceUISheetsUITestsLaunchTests.swift */ = {isa = PBXFileReference; lastKnownFileType = sourcecode.swift; path = AccountBalanceUISheetsUITestsLaunchTests.swift; sourceTree = "<group>"; };
		795F96202934E3E00014AA29 /* AppManager.swift */ = {isa = PBXFileReference; fileEncoding = 4; lastKnownFileType = sourcecode.swift; path = AppManager.swift; sourceTree = "<group>"; };
		795F96222934E4010014AA29 /* AppCoordinator.swift */ = {isa = PBXFileReference; fileEncoding = 4; lastKnownFileType = sourcecode.swift; path = AppCoordinator.swift; sourceTree = "<group>"; };
		795F96252934E4450014AA29 /* AccountHomeTableViewController.swift */ = {isa = PBXFileReference; lastKnownFileType = sourcecode.swift; path = AccountHomeTableViewController.swift; sourceTree = "<group>"; };
		795F962F293509EB0014AA29 /* QuickTransferViewController.swift */ = {isa = PBXFileReference; lastKnownFileType = sourcecode.swift; path = QuickTransferViewController.swift; sourceTree = "<group>"; };
		795F9630293509EB0014AA29 /* QuickTransferViewController.xib */ = {isa = PBXFileReference; lastKnownFileType = file.xib; path = QuickTransferViewController.xib; sourceTree = "<group>"; };
		795F9634293531900014AA29 /* AccountCardView.swift */ = {isa = PBXFileReference; lastKnownFileType = sourcecode.swift; path = AccountCardView.swift; sourceTree = "<group>"; };
		795F963729353E8F0014AA29 /* MakePaymentService.swift */ = {isa = PBXFileReference; lastKnownFileType = sourcecode.swift; path = MakePaymentService.swift; sourceTree = "<group>"; };
		795F963A29354BDE0014AA29 /* AccountRepository.swift */ = {isa = PBXFileReference; lastKnownFileType = sourcecode.swift; path = AccountRepository.swift; sourceTree = "<group>"; };
/* End PBXFileReference section */

/* Begin PBXFrameworksBuildPhase section */
		795F95E92934E15A0014AA29 /* Frameworks */ = {
			isa = PBXFrameworksBuildPhase;
			buildActionMask = 2147483647;
			files = (
			);
			runOnlyForDeploymentPostprocessing = 0;
		};
		795F95FF2934E15B0014AA29 /* Frameworks */ = {
			isa = PBXFrameworksBuildPhase;
			buildActionMask = 2147483647;
			files = (
			);
			runOnlyForDeploymentPostprocessing = 0;
		};
		795F96092934E15B0014AA29 /* Frameworks */ = {
			isa = PBXFrameworksBuildPhase;
			buildActionMask = 2147483647;
			files = (
			);
			runOnlyForDeploymentPostprocessing = 0;
		};
/* End PBXFrameworksBuildPhase section */

/* Begin PBXGroup section */
		795F95E32934E15A0014AA29 = {
			isa = PBXGroup;
			children = (
				795F95EE2934E15A0014AA29 /* AccountBalanceUISheets */,
				795F96052934E15B0014AA29 /* AccountBalanceUISheetsTests */,
				795F960F2934E15B0014AA29 /* AccountBalanceUISheetsUITests */,
				795F95ED2934E15A0014AA29 /* Products */,
			);
			sourceTree = "<group>";
		};
		795F95ED2934E15A0014AA29 /* Products */ = {
			isa = PBXGroup;
			children = (
				795F95EC2934E15A0014AA29 /* AccountBalanceUISheets.app */,
				795F96022934E15B0014AA29 /* AccountBalanceUISheetsTests.xctest */,
				795F960C2934E15B0014AA29 /* AccountBalanceUISheetsUITests.xctest */,
			);
			name = Products;
			sourceTree = "<group>";
		};
		795F95EE2934E15A0014AA29 /* AccountBalanceUISheets */ = {
			isa = PBXGroup;
			children = (
				795F961F2934E1750014AA29 /* Shared */,
				795F963929354BBD0014AA29 /* Repository */,
				795F963629353E5D0014AA29 /* Services */,
				795F9633293531790014AA29 /* Models */,
				795F96242934E42B0014AA29 /* Features */,
				795F95F82934E15B0014AA29 /* Assets.xcassets */,
				795F95FA2934E15B0014AA29 /* LaunchScreen.storyboard */,
				795F95FD2934E15B0014AA29 /* Info.plist */,
			);
			path = AccountBalanceUISheets;
			sourceTree = "<group>";
		};
		795F96052934E15B0014AA29 /* AccountBalanceUISheetsTests */ = {
			isa = PBXGroup;
			children = (
				795F96062934E15B0014AA29 /* AccountBalanceUISheetsTests.swift */,
			);
			path = AccountBalanceUISheetsTests;
			sourceTree = "<group>";
		};
		795F960F2934E15B0014AA29 /* AccountBalanceUISheetsUITests */ = {
			isa = PBXGroup;
			children = (
				795F96102934E15B0014AA29 /* AccountBalanceUISheetsUITests.swift */,
				795F96122934E15B0014AA29 /* AccountBalanceUISheetsUITestsLaunchTests.swift */,
			);
			path = AccountBalanceUISheetsUITests;
			sourceTree = "<group>";
		};
		795F961F2934E1750014AA29 /* Shared */ = {
			isa = PBXGroup;
			children = (
				795F95EF2934E15A0014AA29 /* AppDelegate.swift */,
				795F95F12934E15A0014AA29 /* SceneDelegate.swift */,
				795F96202934E3E00014AA29 /* AppManager.swift */,
			);
			path = Shared;
			sourceTree = "<group>";
		};
		795F96242934E42B0014AA29 /* Features */ = {
			isa = PBXGroup;
			children = (
				795F96222934E4010014AA29 /* AppCoordinator.swift */,
				795F962D293506BE0014AA29 /* Home */,
				795F962E293507230014AA29 /* QuickTransfer */,
			);
			path = Features;
			sourceTree = "<group>";
		};
		795F962D293506BE0014AA29 /* Home */ = {
			isa = PBXGroup;
			children = (
				795F96252934E4450014AA29 /* AccountHomeTableViewController.swift */,
				795F95F52934E15A0014AA29 /* Main.storyboard */,
			);
			path = Home;
			sourceTree = "<group>";
		};
		795F962E293507230014AA29 /* QuickTransfer */ = {
			isa = PBXGroup;
			children = (
				795F962F293509EB0014AA29 /* QuickTransferViewController.swift */,
				795F9630293509EB0014AA29 /* QuickTransferViewController.xib */,
			);
			path = QuickTransfer;
			sourceTree = "<group>";
		};
		795F9633293531790014AA29 /* Models */ = {
			isa = PBXGroup;
			children = (
				795F9634293531900014AA29 /* AccountCardView.swift */,
			);
			path = Models;
			sourceTree = "<group>";
		};
		795F963629353E5D0014AA29 /* Services */ = {
			isa = PBXGroup;
			children = (
				795F963729353E8F0014AA29 /* MakePaymentService.swift */,
			);
			path = Services;
			sourceTree = "<group>";
		};
		795F963929354BBD0014AA29 /* Repository */ = {
			isa = PBXGroup;
			children = (
				795F963A29354BDE0014AA29 /* AccountRepository.swift */,
			);
			path = Repository;
			sourceTree = "<group>";
		};
/* End PBXGroup section */

/* Begin PBXNativeTarget section */
		795F95EB2934E15A0014AA29 /* AccountBalanceUISheets */ = {
			isa = PBXNativeTarget;
			buildConfigurationList = 795F96162934E15B0014AA29 /* Build configuration list for PBXNativeTarget "AccountBalanceUISheets" */;
			buildPhases = (
				795F95E82934E15A0014AA29 /* Sources */,
				795F95E92934E15A0014AA29 /* Frameworks */,
				795F95EA2934E15A0014AA29 /* Resources */,
			);
			buildRules = (
			);
			dependencies = (
			);
			name = AccountBalanceUISheets;
			productName = AccountBalanceUISheets;
			productReference = 795F95EC2934E15A0014AA29 /* AccountBalanceUISheets.app */;
			productType = "com.apple.product-type.application";
		};
		795F96012934E15B0014AA29 /* AccountBalanceUISheetsTests */ = {
			isa = PBXNativeTarget;
			buildConfigurationList = 795F96192934E15B0014AA29 /* Build configuration list for PBXNativeTarget "AccountBalanceUISheetsTests" */;
			buildPhases = (
				795F95FE2934E15B0014AA29 /* Sources */,
				795F95FF2934E15B0014AA29 /* Frameworks */,
				795F96002934E15B0014AA29 /* Resources */,
			);
			buildRules = (
			);
			dependencies = (
				795F96042934E15B0014AA29 /* PBXTargetDependency */,
			);
			name = AccountBalanceUISheetsTests;
			productName = AccountBalanceUISheetsTests;
			productReference = 795F96022934E15B0014AA29 /* AccountBalanceUISheetsTests.xctest */;
			productType = "com.apple.product-type.bundle.unit-test";
		};
		795F960B2934E15B0014AA29 /* AccountBalanceUISheetsUITests */ = {
			isa = PBXNativeTarget;
			buildConfigurationList = 795F961C2934E15B0014AA29 /* Build configuration list for PBXNativeTarget "AccountBalanceUISheetsUITests" */;
			buildPhases = (
				795F96082934E15B0014AA29 /* Sources */,
				795F96092934E15B0014AA29 /* Frameworks */,
				795F960A2934E15B0014AA29 /* Resources */,
			);
			buildRules = (
			);
			dependencies = (
				795F960E2934E15B0014AA29 /* PBXTargetDependency */,
			);
			name = AccountBalanceUISheetsUITests;
			productName = AccountBalanceUISheetsUITests;
			productReference = 795F960C2934E15B0014AA29 /* AccountBalanceUISheetsUITests.xctest */;
			productType = "com.apple.product-type.bundle.ui-testing";
		};
/* End PBXNativeTarget section */

/* Begin PBXProject section */
		795F95E42934E15A0014AA29 /* Project object */ = {
			isa = PBXProject;
			attributes = {
				BuildIndependentTargetsInParallel = 1;
				LastSwiftUpdateCheck = 1320;
				LastUpgradeCheck = 1320;
				TargetAttributes = {
					795F95EB2934E15A0014AA29 = {
						CreatedOnToolsVersion = 13.2.1;
					};
					795F96012934E15B0014AA29 = {
						CreatedOnToolsVersion = 13.2.1;
						TestTargetID = 795F95EB2934E15A0014AA29;
					};
					795F960B2934E15B0014AA29 = {
						CreatedOnToolsVersion = 13.2.1;
						TestTargetID = 795F95EB2934E15A0014AA29;
					};
				};
			};
			buildConfigurationList = 795F95E72934E15A0014AA29 /* Build configuration list for PBXProject "AccountBalanceUISheets" */;
			compatibilityVersion = "Xcode 13.0";
			developmentRegion = en;
			hasScannedForEncodings = 0;
			knownRegions = (
				en,
				Base,
			);
			mainGroup = 795F95E32934E15A0014AA29;
			productRefGroup = 795F95ED2934E15A0014AA29 /* Products */;
			projectDirPath = "";
			projectRoot = "";
			targets = (
				795F95EB2934E15A0014AA29 /* AccountBalanceUISheets */,
				795F96012934E15B0014AA29 /* AccountBalanceUISheetsTests */,
				795F960B2934E15B0014AA29 /* AccountBalanceUISheetsUITests */,
			);
		};
/* End PBXProject section */

/* Begin PBXResourcesBuildPhase section */
		795F95EA2934E15A0014AA29 /* Resources */ = {
			isa = PBXResourcesBuildPhase;
			buildActionMask = 2147483647;
			files = (
				795F95FC2934E15B0014AA29 /* LaunchScreen.storyboard in Resources */,
				795F9632293509EB0014AA29 /* QuickTransferViewController.xib in Resources */,
				795F95F92934E15B0014AA29 /* Assets.xcassets in Resources */,
				795F95F72934E15A0014AA29 /* Main.storyboard in Resources */,
			);
			runOnlyForDeploymentPostprocessing = 0;
		};
		795F96002934E15B0014AA29 /* Resources */ = {
			isa = PBXResourcesBuildPhase;
			buildActionMask = 2147483647;
			files = (
			);
			runOnlyForDeploymentPostprocessing = 0;
		};
		795F960A2934E15B0014AA29 /* Resources */ = {
			isa = PBXResourcesBuildPhase;
			buildActionMask = 2147483647;
			files = (
			);
			runOnlyForDeploymentPostprocessing = 0;
		};
/* End PBXResourcesBuildPhase section */

/* Begin PBXSourcesBuildPhase section */
		795F95E82934E15A0014AA29 /* Sources */ = {
			isa = PBXSourcesBuildPhase;
			buildActionMask = 2147483647;
			files = (
				795F963B29354BDE0014AA29 /* AccountRepository.swift in Sources */,
				795F963829353E8F0014AA29 /* MakePaymentService.swift in Sources */,
				795F95F02934E15A0014AA29 /* AppDelegate.swift in Sources */,
				795F9631293509EB0014AA29 /* QuickTransferViewController.swift in Sources */,
				795F96232934E4010014AA29 /* AppCoordinator.swift in Sources */,
				795F96272934E4450014AA29 /* AccountHomeTableViewController.swift in Sources */,
				795F95F22934E15A0014AA29 /* SceneDelegate.swift in Sources */,
				795F9635293531900014AA29 /* AccountCardView.swift in Sources */,
				795F96212934E3E00014AA29 /* AppManager.swift in Sources */,
			);
			runOnlyForDeploymentPostprocessing = 0;
		};
		795F95FE2934E15B0014AA29 /* Sources */ = {
			isa = PBXSourcesBuildPhase;
			buildActionMask = 2147483647;
			files = (
				795F96072934E15B0014AA29 /* AccountBalanceUISheetsTests.swift in Sources */,
			);
			runOnlyForDeploymentPostprocessing = 0;
		};
		795F96082934E15B0014AA29 /* Sources */ = {
			isa = PBXSourcesBuildPhase;
			buildActionMask = 2147483647;
			files = (
				795F96112934E15B0014AA29 /* AccountBalanceUISheetsUITests.swift in Sources */,
				795F96132934E15B0014AA29 /* AccountBalanceUISheetsUITestsLaunchTests.swift in Sources */,
			);
			runOnlyForDeploymentPostprocessing = 0;
		};
/* End PBXSourcesBuildPhase section */

/* Begin PBXTargetDependency section */
		795F96042934E15B0014AA29 /* PBXTargetDependency */ = {
			isa = PBXTargetDependency;
			target = 795F95EB2934E15A0014AA29 /* AccountBalanceUISheets */;
			targetProxy = 795F96032934E15B0014AA29 /* PBXContainerItemProxy */;
		};
		795F960E2934E15B0014AA29 /* PBXTargetDependency */ = {
			isa = PBXTargetDependency;
			target = 795F95EB2934E15A0014AA29 /* AccountBalanceUISheets */;
			targetProxy = 795F960D2934E15B0014AA29 /* PBXContainerItemProxy */;
		};
/* End PBXTargetDependency section */

/* Begin PBXVariantGroup section */
		795F95F52934E15A0014AA29 /* Main.storyboard */ = {
			isa = PBXVariantGroup;
			children = (
				795F95F62934E15A0014AA29 /* Base */,
			);
			name = Main.storyboard;
			sourceTree = "<group>";
		};
		795F95FA2934E15B0014AA29 /* LaunchScreen.storyboard */ = {
			isa = PBXVariantGroup;
			children = (
				795F95FB2934E15B0014AA29 /* Base */,
			);
			name = LaunchScreen.storyboard;
			sourceTree = "<group>";
		};
/* End PBXVariantGroup section */

/* Begin XCBuildConfiguration section */
		795F96142934E15B0014AA29 /* Debug */ = {
			isa = XCBuildConfiguration;
			buildSettings = {
				ALWAYS_SEARCH_USER_PATHS = NO;
				CLANG_ANALYZER_NONNULL = YES;
				CLANG_ANALYZER_NUMBER_OBJECT_CONVERSION = YES_AGGRESSIVE;
				CLANG_CXX_LANGUAGE_STANDARD = "gnu++17";
				CLANG_CXX_LIBRARY = "libc++";
				CLANG_ENABLE_MODULES = YES;
				CLANG_ENABLE_OBJC_ARC = YES;
				CLANG_ENABLE_OBJC_WEAK = YES;
				CLANG_WARN_BLOCK_CAPTURE_AUTORELEASING = YES;
				CLANG_WARN_BOOL_CONVERSION = YES;
				CLANG_WARN_COMMA = YES;
				CLANG_WARN_CONSTANT_CONVERSION = YES;
				CLANG_WARN_DEPRECATED_OBJC_IMPLEMENTATIONS = YES;
				CLANG_WARN_DIRECT_OBJC_ISA_USAGE = YES_ERROR;
				CLANG_WARN_DOCUMENTATION_COMMENTS = YES;
				CLANG_WARN_EMPTY_BODY = YES;
				CLANG_WARN_ENUM_CONVERSION = YES;
				CLANG_WARN_INFINITE_RECURSION = YES;
				CLANG_WARN_INT_CONVERSION = YES;
				CLANG_WARN_NON_LITERAL_NULL_CONVERSION = YES;
				CLANG_WARN_OBJC_IMPLICIT_RETAIN_SELF = YES;
				CLANG_WARN_OBJC_LITERAL_CONVERSION = YES;
				CLANG_WARN_OBJC_ROOT_CLASS = YES_ERROR;
				CLANG_WARN_QUOTED_INCLUDE_IN_FRAMEWORK_HEADER = YES;
				CLANG_WARN_RANGE_LOOP_ANALYSIS = YES;
				CLANG_WARN_STRICT_PROTOTYPES = YES;
				CLANG_WARN_SUSPICIOUS_MOVE = YES;
				CLANG_WARN_UNGUARDED_AVAILABILITY = YES_AGGRESSIVE;
				CLANG_WARN_UNREACHABLE_CODE = YES;
				CLANG_WARN__DUPLICATE_METHOD_MATCH = YES;
				COPY_PHASE_STRIP = NO;
				DEBUG_INFORMATION_FORMAT = dwarf;
				ENABLE_STRICT_OBJC_MSGSEND = YES;
				ENABLE_TESTABILITY = YES;
				GCC_C_LANGUAGE_STANDARD = gnu11;
				GCC_DYNAMIC_NO_PIC = NO;
				GCC_NO_COMMON_BLOCKS = YES;
				GCC_OPTIMIZATION_LEVEL = 0;
				GCC_PREPROCESSOR_DEFINITIONS = (
					"DEBUG=1",
					"$(inherited)",
				);
				GCC_WARN_64_TO_32_BIT_CONVERSION = YES;
				GCC_WARN_ABOUT_RETURN_TYPE = YES_ERROR;
				GCC_WARN_UNDECLARED_SELECTOR = YES;
				GCC_WARN_UNINITIALIZED_AUTOS = YES_AGGRESSIVE;
				GCC_WARN_UNUSED_FUNCTION = YES;
				GCC_WARN_UNUSED_VARIABLE = YES;
				IPHONEOS_DEPLOYMENT_TARGET = 15.2;
				MTL_ENABLE_DEBUG_INFO = INCLUDE_SOURCE;
				MTL_FAST_MATH = YES;
				ONLY_ACTIVE_ARCH = YES;
				SDKROOT = iphoneos;
				SWIFT_ACTIVE_COMPILATION_CONDITIONS = DEBUG;
				SWIFT_OPTIMIZATION_LEVEL = "-Onone";
			};
			name = Debug;
		};
		795F96152934E15B0014AA29 /* Release */ = {
			isa = XCBuildConfiguration;
			buildSettings = {
				ALWAYS_SEARCH_USER_PATHS = NO;
				CLANG_ANALYZER_NONNULL = YES;
				CLANG_ANALYZER_NUMBER_OBJECT_CONVERSION = YES_AGGRESSIVE;
				CLANG_CXX_LANGUAGE_STANDARD = "gnu++17";
				CLANG_CXX_LIBRARY = "libc++";
				CLANG_ENABLE_MODULES = YES;
				CLANG_ENABLE_OBJC_ARC = YES;
				CLANG_ENABLE_OBJC_WEAK = YES;
				CLANG_WARN_BLOCK_CAPTURE_AUTORELEASING = YES;
				CLANG_WARN_BOOL_CONVERSION = YES;
				CLANG_WARN_COMMA = YES;
				CLANG_WARN_CONSTANT_CONVERSION = YES;
				CLANG_WARN_DEPRECATED_OBJC_IMPLEMENTATIONS = YES;
				CLANG_WARN_DIRECT_OBJC_ISA_USAGE = YES_ERROR;
				CLANG_WARN_DOCUMENTATION_COMMENTS = YES;
				CLANG_WARN_EMPTY_BODY = YES;
				CLANG_WARN_ENUM_CONVERSION = YES;
				CLANG_WARN_INFINITE_RECURSION = YES;
				CLANG_WARN_INT_CONVERSION = YES;
				CLANG_WARN_NON_LITERAL_NULL_CONVERSION = YES;
				CLANG_WARN_OBJC_IMPLICIT_RETAIN_SELF = YES;
				CLANG_WARN_OBJC_LITERAL_CONVERSION = YES;
				CLANG_WARN_OBJC_ROOT_CLASS = YES_ERROR;
				CLANG_WARN_QUOTED_INCLUDE_IN_FRAMEWORK_HEADER = YES;
				CLANG_WARN_RANGE_LOOP_ANALYSIS = YES;
				CLANG_WARN_STRICT_PROTOTYPES = YES;
				CLANG_WARN_SUSPICIOUS_MOVE = YES;
				CLANG_WARN_UNGUARDED_AVAILABILITY = YES_AGGRESSIVE;
				CLANG_WARN_UNREACHABLE_CODE = YES;
				CLANG_WARN__DUPLICATE_METHOD_MATCH = YES;
				COPY_PHASE_STRIP = NO;
				DEBUG_INFORMATION_FORMAT = "dwarf-with-dsym";
				ENABLE_NS_ASSERTIONS = NO;
				ENABLE_STRICT_OBJC_MSGSEND = YES;
				GCC_C_LANGUAGE_STANDARD = gnu11;
				GCC_NO_COMMON_BLOCKS = YES;
				GCC_WARN_64_TO_32_BIT_CONVERSION = YES;
				GCC_WARN_ABOUT_RETURN_TYPE = YES_ERROR;
				GCC_WARN_UNDECLARED_SELECTOR = YES;
				GCC_WARN_UNINITIALIZED_AUTOS = YES_AGGRESSIVE;
				GCC_WARN_UNUSED_FUNCTION = YES;
				GCC_WARN_UNUSED_VARIABLE = YES;
				IPHONEOS_DEPLOYMENT_TARGET = 15.2;
				MTL_ENABLE_DEBUG_INFO = NO;
				MTL_FAST_MATH = YES;
				SDKROOT = iphoneos;
				SWIFT_COMPILATION_MODE = wholemodule;
				SWIFT_OPTIMIZATION_LEVEL = "-O";
				VALIDATE_PRODUCT = YES;
			};
			name = Release;
		};
		795F96172934E15B0014AA29 /* Debug */ = {
			isa = XCBuildConfiguration;
			buildSettings = {
				ASSETCATALOG_COMPILER_APPICON_NAME = AppIcon;
				ASSETCATALOG_COMPILER_GLOBAL_ACCENT_COLOR_NAME = AccentColor;
				CODE_SIGN_STYLE = Automatic;
				CURRENT_PROJECT_VERSION = 1;
				GENERATE_INFOPLIST_FILE = YES;
				INFOPLIST_FILE = AccountBalanceUISheets/Info.plist;
				INFOPLIST_KEY_UIApplicationSupportsIndirectInputEvents = YES;
				INFOPLIST_KEY_UILaunchStoryboardName = LaunchScreen;
				INFOPLIST_KEY_UIMainStoryboardFile = Main;
				INFOPLIST_KEY_UISupportedInterfaceOrientations_iPad = "UIInterfaceOrientationPortrait UIInterfaceOrientationPortraitUpsideDown UIInterfaceOrientationLandscapeLeft UIInterfaceOrientationLandscapeRight";
				INFOPLIST_KEY_UISupportedInterfaceOrientations_iPhone = "UIInterfaceOrientationPortrait UIInterfaceOrientationLandscapeLeft UIInterfaceOrientationLandscapeRight";
				LD_RUNPATH_SEARCH_PATHS = (
					"$(inherited)",
					"@executable_path/Frameworks",
				);
				MARKETING_VERSION = 1.0;
				PRODUCT_BUNDLE_IDENTIFIER = NSharma.AccountBalanceUISheets;
				PRODUCT_NAME = "$(TARGET_NAME)";
				SWIFT_EMIT_LOC_STRINGS = YES;
				SWIFT_VERSION = 5.0;
				TARGETED_DEVICE_FAMILY = "1,2";
			};
			name = Debug;
		};
		795F96182934E15B0014AA29 /* Release */ = {
			isa = XCBuildConfiguration;
			buildSettings = {
				ASSETCATALOG_COMPILER_APPICON_NAME = AppIcon;
				ASSETCATALOG_COMPILER_GLOBAL_ACCENT_COLOR_NAME = AccentColor;
				CODE_SIGN_STYLE = Automatic;
				CURRENT_PROJECT_VERSION = 1;
				GENERATE_INFOPLIST_FILE = YES;
				INFOPLIST_FILE = AccountBalanceUISheets/Info.plist;
				INFOPLIST_KEY_UIApplicationSupportsIndirectInputEvents = YES;
				INFOPLIST_KEY_UILaunchStoryboardName = LaunchScreen;
				INFOPLIST_KEY_UIMainStoryboardFile = Main;
				INFOPLIST_KEY_UISupportedInterfaceOrientations_iPad = "UIInterfaceOrientationPortrait UIInterfaceOrientationPortraitUpsideDown UIInterfaceOrientationLandscapeLeft UIInterfaceOrientationLandscapeRight";
				INFOPLIST_KEY_UISupportedInterfaceOrientations_iPhone = "UIInterfaceOrientationPortrait UIInterfaceOrientationLandscapeLeft UIInterfaceOrientationLandscapeRight";
				LD_RUNPATH_SEARCH_PATHS = (
					"$(inherited)",
					"@executable_path/Frameworks",
				);
				MARKETING_VERSION = 1.0;
				PRODUCT_BUNDLE_IDENTIFIER = NSharma.AccountBalanceUISheets;
				PRODUCT_NAME = "$(TARGET_NAME)";
				SWIFT_EMIT_LOC_STRINGS = YES;
				SWIFT_VERSION = 5.0;
				TARGETED_DEVICE_FAMILY = "1,2";
			};
			name = Release;
		};
		795F961A2934E15B0014AA29 /* Debug */ = {
			isa = XCBuildConfiguration;
			buildSettings = {
				ALWAYS_EMBED_SWIFT_STANDARD_LIBRARIES = YES;
				BUNDLE_LOADER = "$(TEST_HOST)";
				CODE_SIGN_STYLE = Automatic;
				CURRENT_PROJECT_VERSION = 1;
				GENERATE_INFOPLIST_FILE = YES;
				IPHONEOS_DEPLOYMENT_TARGET = 15.2;
				MARKETING_VERSION = 1.0;
				PRODUCT_BUNDLE_IDENTIFIER = NSharma.AccountBalanceUISheetsTests;
				PRODUCT_NAME = "$(TARGET_NAME)";
				SWIFT_EMIT_LOC_STRINGS = NO;
				SWIFT_VERSION = 5.0;
				TARGETED_DEVICE_FAMILY = "1,2";
				TEST_HOST = "$(BUILT_PRODUCTS_DIR)/AccountBalanceUISheets.app/AccountBalanceUISheets";
			};
			name = Debug;
		};
		795F961B2934E15B0014AA29 /* Release */ = {
			isa = XCBuildConfiguration;
			buildSettings = {
				ALWAYS_EMBED_SWIFT_STANDARD_LIBRARIES = YES;
				BUNDLE_LOADER = "$(TEST_HOST)";
				CODE_SIGN_STYLE = Automatic;
				CURRENT_PROJECT_VERSION = 1;
				GENERATE_INFOPLIST_FILE = YES;
				IPHONEOS_DEPLOYMENT_TARGET = 15.2;
				MARKETING_VERSION = 1.0;
				PRODUCT_BUNDLE_IDENTIFIER = NSharma.AccountBalanceUISheetsTests;
				PRODUCT_NAME = "$(TARGET_NAME)";
				SWIFT_EMIT_LOC_STRINGS = NO;
				SWIFT_VERSION = 5.0;
				TARGETED_DEVICE_FAMILY = "1,2";
				TEST_HOST = "$(BUILT_PRODUCTS_DIR)/AccountBalanceUISheets.app/AccountBalanceUISheets";
			};
			name = Release;
		};
		795F961D2934E15B0014AA29 /* Debug */ = {
			isa = XCBuildConfiguration;
			buildSettings = {
				ALWAYS_EMBED_SWIFT_STANDARD_LIBRARIES = YES;
				CODE_SIGN_STYLE = Automatic;
				CURRENT_PROJECT_VERSION = 1;
				GENERATE_INFOPLIST_FILE = YES;
				MARKETING_VERSION = 1.0;
				PRODUCT_BUNDLE_IDENTIFIER = NSharma.AccountBalanceUISheetsUITests;
				PRODUCT_NAME = "$(TARGET_NAME)";
				SWIFT_EMIT_LOC_STRINGS = NO;
				SWIFT_VERSION = 5.0;
				TARGETED_DEVICE_FAMILY = "1,2";
				TEST_TARGET_NAME = AccountBalanceUISheets;
			};
			name = Debug;
		};
		795F961E2934E15B0014AA29 /* Release */ = {
			isa = XCBuildConfiguration;
			buildSettings = {
				ALWAYS_EMBED_SWIFT_STANDARD_LIBRARIES = YES;
				CODE_SIGN_STYLE = Automatic;
				CURRENT_PROJECT_VERSION = 1;
				GENERATE_INFOPLIST_FILE = YES;
				MARKETING_VERSION = 1.0;
				PRODUCT_BUNDLE_IDENTIFIER = NSharma.AccountBalanceUISheetsUITests;
				PRODUCT_NAME = "$(TARGET_NAME)";
				SWIFT_EMIT_LOC_STRINGS = NO;
				SWIFT_VERSION = 5.0;
				TARGETED_DEVICE_FAMILY = "1,2";
				TEST_TARGET_NAME = AccountBalanceUISheets;
			};
			name = Release;
		};
/* End XCBuildConfiguration section */

/* Begin XCConfigurationList section */
		795F95E72934E15A0014AA29 /* Build configuration list for PBXProject "AccountBalanceUISheets" */ = {
			isa = XCConfigurationList;
			buildConfigurations = (
				795F96142934E15B0014AA29 /* Debug */,
				795F96152934E15B0014AA29 /* Release */,
			);
			defaultConfigurationIsVisible = 0;
			defaultConfigurationName = Release;
		};
		795F96162934E15B0014AA29 /* Build configuration list for PBXNativeTarget "AccountBalanceUISheets" */ = {
			isa = XCConfigurationList;
			buildConfigurations = (
				795F96172934E15B0014AA29 /* Debug */,
				795F96182934E15B0014AA29 /* Release */,
			);
			defaultConfigurationIsVisible = 0;
			defaultConfigurationName = Release;
		};
		795F96192934E15B0014AA29 /* Build configuration list for PBXNativeTarget "AccountBalanceUISheetsTests" */ = {
			isa = XCConfigurationList;
			buildConfigurations = (
				795F961A2934E15B0014AA29 /* Debug */,
				795F961B2934E15B0014AA29 /* Release */,
			);
			defaultConfigurationIsVisible = 0;
			defaultConfigurationName = Release;
		};
		795F961C2934E15B0014AA29 /* Build configuration list for PBXNativeTarget "AccountBalanceUISheetsUITests" */ = {
			isa = XCConfigurationList;
			buildConfigurations = (
				795F961D2934E15B0014AA29 /* Debug */,
				795F961E2934E15B0014AA29 /* Release */,
			);
			defaultConfigurationIsVisible = 0;
			defaultConfigurationName = Release;
		};
/* End XCConfigurationList section */
	};
	rootObject = 795F95E42934E15A0014AA29 /* Project object */;
}
